{
  "object": {
    "pins": [
      {
        "package": "swift-metrics",
        "repositoryURL": "https://github.com/rauhul/swift-metrics.git",
        "state": {
          "branch": "feature/floating-point-counter",
          "revision": "7f85b16b9791154162beea7c670dd3cd2d3efd17",
          "version": null
        }
      },
      {
        "package": "swift-nio",
        "repositoryURL": "https://github.com/apple/swift-nio.git",
        "state": {
          "branch": null,
          "revision": "9201908b54578aa33f1d1826a5a680aca8991843",
          "version": "2.8.0"
        }
      }
    ]
  },
  "version": 1
}
